
Microsoft Visual Studio Solution File, Format Version 12.00
# Visual Studio Version 17
VisualStudioVersion = 17.13.35931.197
MinimumVisualStudioVersion = 10.0.40219.1
Project("{9A19103F-16F7-4668-BE54-9A1E7A4F7556}") = "NET 01. DataTypes", "NET 01. DataTypes\NET 01. DataTypes.csproj", "{29C501FD-0D6F-457D-BA87-C90EAC656D16}"
EndProject
Project("{2150E333-8FDC-42A3-9474-1A3956D46DE8}") = "NET 01", "NET 01", "{02EA681E-C7D8-13C7-8484-4AC65E1B71E8}"
EndProject
Project("{2150E333-8FDC-42A3-9474-1A3956D46DE8}") = "NET 02", "NET 02", "{14941D71-CDEA-4DAA-8C11-27D48D295EA9}"
EndProject
Project("{9A19103F-16F7-4668-BE54-9A1E7A4F7556}") = "NET 02. Variables", "NET 02. Variables\NET 02. Variables.csproj", "{9129387A-16DF-4507-B68A-3DCB8523B0B7}"
EndProject
Project("{9A19103F-16F7-4668-BE54-9A1E7A4F7556}") = "NET 02. input output", "NET 02. input output\NET 02. input output.csproj", "{788D21F1-75FA-4EDA-9D63-5441AA29C5CB}"
EndProject
Project("{9A19103F-16F7-4668-BE54-9A1E7A4F7556}") = "NET 02. Typecasting", "NET 02. Typecasting\NET 02. Typecasting.csproj", "{B0A62425-3370-4F2B-ACA4-692C47223487}"
EndProject
Project("{9A19103F-16F7-4668-BE54-9A1E7A4F7556}") = "NET 02. Arrays", "NET 02. Arrays\NET 02. Arrays.csproj", "{40F5C6A6-04CE-4134-82D4-1636D7F3B087}"
EndProject
Project("{9A19103F-16F7-4668-BE54-9A1E7A4F7556}") = "NET 02.Arrays ranges, indecles", "NET 02.Arrays ranges, indecles\NET 02.Arrays ranges, indecles.csproj", "{AFF0C7F3-B3C2-4D99-9BC7-0FFE4668EB83}"
EndProject
Project("{9A19103F-16F7-4668-BE54-9A1E7A4F7556}") = "NET 02. Switch", "NET 02. Switch\NET 02. Switch.csproj", "{6962718D-CA96-42ED-A6A7-DA7B27857930}"
EndProject
Project("{2150E333-8FDC-42A3-9474-1A3956D46DE8}") = "NET 03", "NET 03", "{7111A67E-1FE3-4CD3-A5F5-F8316EAA92ED}"
EndProject
Project("{9A19103F-16F7-4668-BE54-9A1E7A4F7556}") = "NET 03. Structs", "NET 03. Structs\NET 03. Structs.csproj", "{374A8681-F27E-4D61-956D-6D53F0EB527A}"
EndProject
Project("{9A19103F-16F7-4668-BE54-9A1E7A4F7556}") = "NET 03. String", "NET 03. String\NET 03. String.csproj", "{B869C4EA-E651-46A2-ADC6-B7DDAF3D270F}"
EndProject
Project("{9A19103F-16F7-4668-BE54-9A1E7A4F7556}") = "NET 03. String Suppet", "NET 03. String Suppet\NET 03. String Suppet.csproj", "{815971D8-610A-44ED-B642-D426DAA0EB50}"
EndProject
Project("{9A19103F-16F7-4668-BE54-9A1E7A4F7556}") = "NET 03. ref, out, in", "NET 03. ref, out, in\NET 03. ref, out, in.csproj", "{84AAF64B-4AF9-4B60-B67A-A79209BC0DE2}"
EndProject
Project("{2150E333-8FDC-42A3-9474-1A3956D46DE8}") = "NET 04", "NET 04", "{602EA2DE-68AF-4A41-8C6A-CAB9F1F7A4C3}"
EndProject
Project("{9A19103F-16F7-4668-BE54-9A1E7A4F7556}") = "NET 04.  Params", "NET 04.  Params\NET 04.  Params.csproj", "{E3BA3A09-43FA-4E8C-942A-8B5BD8CBE10D}"
EndProject
Project("{9A19103F-16F7-4668-BE54-9A1E7A4F7556}") = "NET 04. class , this, access modifiers", "NET 04. class , this, access modifiers\NET 04. class , this, access modifiers.csproj", "{A7A9B508-2D01-444A-B683-7A8096555842}"
EndProject
Project("{2150E333-8FDC-42A3-9474-1A3956D46DE8}") = "NET 05", "NET 05", "{804E29FE-F45E-4BF2-9434-05F4861A887D}"
EndProject
Project("{9A19103F-16F7-4668-BE54-9A1E7A4F7556}") = "NET 05. Tuple, deconstruct", "NET 05. Tuple, deconstruct\NET 05. Tuple, deconstruct.csproj", "{61D8753B-899E-4F9D-B28F-F5B103613105}"
EndProject
Project("{9A19103F-16F7-4668-BE54-9A1E7A4F7556}") = "NET 05. Null conditional, Null coalescing, Nullable", "NET 05. Null conditional, Null coalescing, Nullable.csproj\NET 05. Null conditional, Null coalescing, Nullable.csproj", "{7ABAF562-8930-4F01-ABB6-DD2D2C2FA92A}"
EndProject
Project("{9A19103F-16F7-4668-BE54-9A1E7A4F7556}") = "NET 05. Operator overloading", "NET 05. Operator overloading\NET 05. Operator overloading.csproj", "{059C2BEE-E3E5-48D1-9458-75E969D09CE3}"
EndProject
Project("{2150E333-8FDC-42A3-9474-1A3956D46DE8}") = "NET 06", "NET 06", "{AC1A6915-7E85-4C2C-A6FC-90B5DB2D96C2}"
EndProject
Project("{9A19103F-16F7-4668-BE54-9A1E7A4F7556}") = "NET 06. Indexer", "NET 06. Indexer\NET 06. Indexer.csproj", "{CF3B64D2-2E02-4C82-8B91-91ACE4060ADD}"
EndProject
Project("{9A19103F-16F7-4668-BE54-9A1E7A4F7556}") = "NET 06. Inheritance", "NET 06. Inheritance\NET 06. Inheritance.csproj", "{3A51C75D-146B-43CD-9535-B57A38B42795}"
EndProject
Project("{2150E333-8FDC-42A3-9474-1A3956D46DE8}") = "NET 07", "NET 07", "{4E3254C5-D4FF-467E-83FE-86A17CBF1E02}"
EndProject
Project("{FAE04EC0-301F-11D3-BF4B-00C04F79EFBC}") = "NET 07 Polimorphism", "NET 07 Polimorphism\NET 07 Polimorphism.csproj", "{58041398-5187-4BF0-AD88-6E7B6743A0F3}"
EndProject
Project("{FAE04EC0-301F-11D3-BF4B-00C04F79EFBC}") = "NET 07.  Abstract class", "NET 07.  Abstract class\NET 07.  Abstract class.csproj", "{CD96A156-CF49-420A-A114-86F322445436}"
EndProject
Project("{FAE04EC0-301F-11D3-BF4B-00C04F79EFBC}") = "NET 07. Interface", "NET 07. Interface\NET 07. Interface.csproj", "{7AAEAA88-4FF2-4399-B63F-F4343E5DBBF6}"
EndProject
Project("{2150E333-8FDC-42A3-9474-1A3956D46DE8}") = "NET 08", "NET 08", "{1434DCD6-186B-4BCC-BE60-E54C9FDD8507}"
EndProject
Project("{FAE04EC0-301F-11D3-BF4B-00C04F79EFBC}") = "NET 08.  Standard Interface", "NET 08.  Standard Interface\NET 08.  Standard Interface.csproj", "{5CE7EDA8-E2A1-43F4-892F-5E42E67244F5}"
EndProject
Global
	GlobalSection(SolutionConfigurationPlatforms) = preSolution
		Debug|Any CPU = Debug|Any CPU
		Release|Any CPU = Release|Any CPU
	EndGlobalSection
	GlobalSection(ProjectConfigurationPlatforms) = postSolution
		{29C501FD-0D6F-457D-BA87-C90EAC656D16}.Debug|Any CPU.ActiveCfg = Debug|Any CPU
		{29C501FD-0D6F-457D-BA87-C90EAC656D16}.Debug|Any CPU.Build.0 = Debug|Any CPU
		{29C501FD-0D6F-457D-BA87-C90EAC656D16}.Release|Any CPU.ActiveCfg = Release|Any CPU
		{29C501FD-0D6F-457D-BA87-C90EAC656D16}.Release|Any CPU.Build.0 = Release|Any CPU
		{9129387A-16DF-4507-B68A-3DCB8523B0B7}.Debug|Any CPU.ActiveCfg = Debug|Any CPU
		{9129387A-16DF-4507-B68A-3DCB8523B0B7}.Debug|Any CPU.Build.0 = Debug|Any CPU
		{9129387A-16DF-4507-B68A-3DCB8523B0B7}.Release|Any CPU.ActiveCfg = Release|Any CPU
		{9129387A-16DF-4507-B68A-3DCB8523B0B7}.Release|Any CPU.Build.0 = Release|Any CPU
		{788D21F1-75FA-4EDA-9D63-5441AA29C5CB}.Debug|Any CPU.ActiveCfg = Debug|Any CPU
		{788D21F1-75FA-4EDA-9D63-5441AA29C5CB}.Debug|Any CPU.Build.0 = Debug|Any CPU
		{788D21F1-75FA-4EDA-9D63-5441AA29C5CB}.Release|Any CPU.ActiveCfg = Release|Any CPU
		{788D21F1-75FA-4EDA-9D63-5441AA29C5CB}.Release|Any CPU.Build.0 = Release|Any CPU
		{B0A62425-3370-4F2B-ACA4-692C47223487}.Debug|Any CPU.ActiveCfg = Debug|Any CPU
		{B0A62425-3370-4F2B-ACA4-692C47223487}.Debug|Any CPU.Build.0 = Debug|Any CPU
		{B0A62425-3370-4F2B-ACA4-692C47223487}.Release|Any CPU.ActiveCfg = Release|Any CPU
		{B0A62425-3370-4F2B-ACA4-692C47223487}.Release|Any CPU.Build.0 = Release|Any CPU
		{40F5C6A6-04CE-4134-82D4-1636D7F3B087}.Debug|Any CPU.ActiveCfg = Debug|Any CPU
		{40F5C6A6-04CE-4134-82D4-1636D7F3B087}.Debug|Any CPU.Build.0 = Debug|Any CPU
		{40F5C6A6-04CE-4134-82D4-1636D7F3B087}.Release|Any CPU.ActiveCfg = Release|Any CPU
		{40F5C6A6-04CE-4134-82D4-1636D7F3B087}.Release|Any CPU.Build.0 = Release|Any CPU
		{AFF0C7F3-B3C2-4D99-9BC7-0FFE4668EB83}.Debug|Any CPU.ActiveCfg = Debug|Any CPU
		{AFF0C7F3-B3C2-4D99-9BC7-0FFE4668EB83}.Debug|Any CPU.Build.0 = Debug|Any CPU
		{AFF0C7F3-B3C2-4D99-9BC7-0FFE4668EB83}.Release|Any CPU.ActiveCfg = Release|Any CPU
		{AFF0C7F3-B3C2-4D99-9BC7-0FFE4668EB83}.Release|Any CPU.Build.0 = Release|Any CPU
		{6962718D-CA96-42ED-A6A7-DA7B27857930}.Debug|Any CPU.ActiveCfg = Debug|Any CPU
		{6962718D-CA96-42ED-A6A7-DA7B27857930}.Debug|Any CPU.Build.0 = Debug|Any CPU
		{6962718D-CA96-42ED-A6A7-DA7B27857930}.Release|Any CPU.ActiveCfg = Release|Any CPU
		{6962718D-CA96-42ED-A6A7-DA7B27857930}.Release|Any CPU.Build.0 = Release|Any CPU
		{374A8681-F27E-4D61-956D-6D53F0EB527A}.Debug|Any CPU.ActiveCfg = Debug|Any CPU
		{374A8681-F27E-4D61-956D-6D53F0EB527A}.Debug|Any CPU.Build.0 = Debug|Any CPU
		{374A8681-F27E-4D61-956D-6D53F0EB527A}.Release|Any CPU.ActiveCfg = Release|Any CPU
		{374A8681-F27E-4D61-956D-6D53F0EB527A}.Release|Any CPU.Build.0 = Release|Any CPU
		{B869C4EA-E651-46A2-ADC6-B7DDAF3D270F}.Debug|Any CPU.ActiveCfg = Debug|Any CPU
		{B869C4EA-E651-46A2-ADC6-B7DDAF3D270F}.Debug|Any CPU.Build.0 = Debug|Any CPU
		{B869C4EA-E651-46A2-ADC6-B7DDAF3D270F}.Release|Any CPU.ActiveCfg = Release|Any CPU
		{B869C4EA-E651-46A2-ADC6-B7DDAF3D270F}.Release|Any CPU.Build.0 = Release|Any CPU
		{815971D8-610A-44ED-B642-D426DAA0EB50}.Debug|Any CPU.ActiveCfg = Debug|Any CPU
		{815971D8-610A-44ED-B642-D426DAA0EB50}.Debug|Any CPU.Build.0 = Debug|Any CPU
		{815971D8-610A-44ED-B642-D426DAA0EB50}.Release|Any CPU.ActiveCfg = Release|Any CPU
		{815971D8-610A-44ED-B642-D426DAA0EB50}.Release|Any CPU.Build.0 = Release|Any CPU
		{84AAF64B-4AF9-4B60-B67A-A79209BC0DE2}.Debug|Any CPU.ActiveCfg = Debug|Any CPU
		{84AAF64B-4AF9-4B60-B67A-A79209BC0DE2}.Debug|Any CPU.Build.0 = Debug|Any CPU
		{84AAF64B-4AF9-4B60-B67A-A79209BC0DE2}.Release|Any CPU.ActiveCfg = Release|Any CPU
		{84AAF64B-4AF9-4B60-B67A-A79209BC0DE2}.Release|Any CPU.Build.0 = Release|Any CPU
		{E3BA3A09-43FA-4E8C-942A-8B5BD8CBE10D}.Debug|Any CPU.ActiveCfg = Debug|Any CPU
		{E3BA3A09-43FA-4E8C-942A-8B5BD8CBE10D}.Debug|Any CPU.Build.0 = Debug|Any CPU
		{E3BA3A09-43FA-4E8C-942A-8B5BD8CBE10D}.Release|Any CPU.ActiveCfg = Release|Any CPU
		{E3BA3A09-43FA-4E8C-942A-8B5BD8CBE10D}.Release|Any CPU.Build.0 = Release|Any CPU
		{A7A9B508-2D01-444A-B683-7A8096555842}.Debug|Any CPU.ActiveCfg = Debug|Any CPU
		{A7A9B508-2D01-444A-B683-7A8096555842}.Debug|Any CPU.Build.0 = Debug|Any CPU
		{A7A9B508-2D01-444A-B683-7A8096555842}.Release|Any CPU.ActiveCfg = Release|Any CPU
		{A7A9B508-2D01-444A-B683-7A8096555842}.Release|Any CPU.Build.0 = Release|Any CPU
		{61D8753B-899E-4F9D-B28F-F5B103613105}.Debug|Any CPU.ActiveCfg = Debug|Any CPU
		{61D8753B-899E-4F9D-B28F-F5B103613105}.Debug|Any CPU.Build.0 = Debug|Any CPU
		{61D8753B-899E-4F9D-B28F-F5B103613105}.Release|Any CPU.ActiveCfg = Release|Any CPU
		{61D8753B-899E-4F9D-B28F-F5B103613105}.Release|Any CPU.Build.0 = Release|Any CPU
		{7ABAF562-8930-4F01-ABB6-DD2D2C2FA92A}.Debug|Any CPU.ActiveCfg = Debug|Any CPU
		{7ABAF562-8930-4F01-ABB6-DD2D2C2FA92A}.Debug|Any CPU.Build.0 = Debug|Any CPU
		{7ABAF562-8930-4F01-ABB6-DD2D2C2FA92A}.Release|Any CPU.ActiveCfg = Release|Any CPU
		{7ABAF562-8930-4F01-ABB6-DD2D2C2FA92A}.Release|Any CPU.Build.0 = Release|Any CPU
		{059C2BEE-E3E5-48D1-9458-75E969D09CE3}.Debug|Any CPU.ActiveCfg = Debug|Any CPU
		{059C2BEE-E3E5-48D1-9458-75E969D09CE3}.Debug|Any CPU.Build.0 = Debug|Any CPU
		{059C2BEE-E3E5-48D1-9458-75E969D09CE3}.Release|Any CPU.ActiveCfg = Release|Any CPU
		{059C2BEE-E3E5-48D1-9458-75E969D09CE3}.Release|Any CPU.Build.0 = Release|Any CPU
		{CF3B64D2-2E02-4C82-8B91-91ACE4060ADD}.Debug|Any CPU.ActiveCfg = Debug|Any CPU
		{CF3B64D2-2E02-4C82-8B91-91ACE4060ADD}.Debug|Any CPU.Build.0 = Debug|Any CPU
		{CF3B64D2-2E02-4C82-8B91-91ACE4060ADD}.Release|Any CPU.ActiveCfg = Release|Any CPU
		{CF3B64D2-2E02-4C82-8B91-91ACE4060ADD}.Release|Any CPU.Build.0 = Release|Any CPU
		{3A51C75D-146B-43CD-9535-B57A38B42795}.Debug|Any CPU.ActiveCfg = Debug|Any CPU
		{3A51C75D-146B-43CD-9535-B57A38B42795}.Debug|Any CPU.Build.0 = Debug|Any CPU
		{3A51C75D-146B-43CD-9535-B57A38B42795}.Release|Any CPU.ActiveCfg = Release|Any CPU
		{3A51C75D-146B-43CD-9535-B57A38B42795}.Release|Any CPU.Build.0 = Release|Any CPU
		{58041398-5187-4BF0-AD88-6E7B6743A0F3}.Debug|Any CPU.ActiveCfg = Debug|Any CPU
		{58041398-5187-4BF0-AD88-6E7B6743A0F3}.Debug|Any CPU.Build.0 = Debug|Any CPU
		{58041398-5187-4BF0-AD88-6E7B6743A0F3}.Release|Any CPU.ActiveCfg = Release|Any CPU
		{58041398-5187-4BF0-AD88-6E7B6743A0F3}.Release|Any CPU.Build.0 = Release|Any CPU
		{CD96A156-CF49-420A-A114-86F322445436}.Debug|Any CPU.ActiveCfg = Debug|Any CPU
		{CD96A156-CF49-420A-A114-86F322445436}.Debug|Any CPU.Build.0 = Debug|Any CPU
		{CD96A156-CF49-420A-A114-86F322445436}.Release|Any CPU.ActiveCfg = Release|Any CPU
		{CD96A156-CF49-420A-A114-86F322445436}.Release|Any CPU.Build.0 = Release|Any CPU
		{7AAEAA88-4FF2-4399-B63F-F4343E5DBBF6}.Debug|Any CPU.ActiveCfg = Debug|Any CPU
		{7AAEAA88-4FF2-4399-B63F-F4343E5DBBF6}.Debug|Any CPU.Build.0 = Debug|Any CPU
		{7AAEAA88-4FF2-4399-B63F-F4343E5DBBF6}.Release|Any CPU.ActiveCfg = Release|Any CPU
		{7AAEAA88-4FF2-4399-B63F-F4343E5DBBF6}.Release|Any CPU.Build.0 = Release|Any CPU
		{5CE7EDA8-E2A1-43F4-892F-5E42E67244F5}.Debug|Any CPU.ActiveCfg = Debug|Any CPU
		{5CE7EDA8-E2A1-43F4-892F-5E42E67244F5}.Debug|Any CPU.Build.0 = Debug|Any CPU
		{5CE7EDA8-E2A1-43F4-892F-5E42E67244F5}.Release|Any CPU.ActiveCfg = Release|Any CPU
		{5CE7EDA8-E2A1-43F4-892F-5E42E67244F5}.Release|Any CPU.Build.0 = Release|Any CPU
	EndGlobalSection
	GlobalSection(SolutionProperties) = preSolution
		HideSolutionNode = FALSE
	EndGlobalSection
	GlobalSection(NestedProjects) = preSolution
		{29C501FD-0D6F-457D-BA87-C90EAC656D16} = {02EA681E-C7D8-13C7-8484-4AC65E1B71E8}
		{9129387A-16DF-4507-B68A-3DCB8523B0B7} = {14941D71-CDEA-4DAA-8C11-27D48D295EA9}
		{788D21F1-75FA-4EDA-9D63-5441AA29C5CB} = {14941D71-CDEA-4DAA-8C11-27D48D295EA9}
		{B0A62425-3370-4F2B-ACA4-692C47223487} = {14941D71-CDEA-4DAA-8C11-27D48D295EA9}
		{40F5C6A6-04CE-4134-82D4-1636D7F3B087} = {14941D71-CDEA-4DAA-8C11-27D48D295EA9}
		{AFF0C7F3-B3C2-4D99-9BC7-0FFE4668EB83} = {14941D71-CDEA-4DAA-8C11-27D48D295EA9}
		{6962718D-CA96-42ED-A6A7-DA7B27857930} = {14941D71-CDEA-4DAA-8C11-27D48D295EA9}
		{374A8681-F27E-4D61-956D-6D53F0EB527A} = {7111A67E-1FE3-4CD3-A5F5-F8316EAA92ED}
		{B869C4EA-E651-46A2-ADC6-B7DDAF3D270F} = {7111A67E-1FE3-4CD3-A5F5-F8316EAA92ED}
		{815971D8-610A-44ED-B642-D426DAA0EB50} = {7111A67E-1FE3-4CD3-A5F5-F8316EAA92ED}
		{84AAF64B-4AF9-4B60-B67A-A79209BC0DE2} = {7111A67E-1FE3-4CD3-A5F5-F8316EAA92ED}
		{E3BA3A09-43FA-4E8C-942A-8B5BD8CBE10D} = {602EA2DE-68AF-4A41-8C6A-CAB9F1F7A4C3}
		{A7A9B508-2D01-444A-B683-7A8096555842} = {602EA2DE-68AF-4A41-8C6A-CAB9F1F7A4C3}
		{61D8753B-899E-4F9D-B28F-F5B103613105} = {804E29FE-F45E-4BF2-9434-05F4861A887D}
		{7ABAF562-8930-4F01-ABB6-DD2D2C2FA92A} = {804E29FE-F45E-4BF2-9434-05F4861A887D}
		{059C2BEE-E3E5-48D1-9458-75E969D09CE3} = {804E29FE-F45E-4BF2-9434-05F4861A887D}
		{CF3B64D2-2E02-4C82-8B91-91ACE4060ADD} = {AC1A6915-7E85-4C2C-A6FC-90B5DB2D96C2}
		{3A51C75D-146B-43CD-9535-B57A38B42795} = {AC1A6915-7E85-4C2C-A6FC-90B5DB2D96C2}
		{58041398-5187-4BF0-AD88-6E7B6743A0F3} = {4E3254C5-D4FF-467E-83FE-86A17CBF1E02}
		{CD96A156-CF49-420A-A114-86F322445436} = {4E3254C5-D4FF-467E-83FE-86A17CBF1E02}
		{7AAEAA88-4FF2-4399-B63F-F4343E5DBBF6} = {4E3254C5-D4FF-467E-83FE-86A17CBF1E02}
		{5CE7EDA8-E2A1-43F4-892F-5E42E67244F5} = {1434DCD6-186B-4BCC-BE60-E54C9FDD8507}
	EndGlobalSection
	GlobalSection(ExtensibilityGlobals) = postSolution
		SolutionGuid = {984A0467-54D1-48D3-890C-C809A8B2BB4E}
	EndGlobalSection
EndGlobal
