
Microsoft Visual Studio Solution File, Format Version 12.00
# Visual Studio Version 17
VisualStudioVersion = 17.13.35931.197
MinimumVisualStudioVersion = 10.0.40219.1
Project("{9A19103F-16F7-4668-BE54-9A1E7A4F7556}") = "NET 01. DataTypes", "NET 01. DataTypes\NET 01. DataTypes.csproj", "{29C501FD-0D6F-457D-BA87-C90EAC656D16}"
EndProject
Project("{2150E333-8FDC-42A3-9474-1A3956D46DE8}") = "NET 01", "NET 01", "{02EA681E-C7D8-13C7-8484-4AC65E1B71E8}"
EndProject
Project("{2150E333-8FDC-42A3-9474-1A3956D46DE8}") = "NET 02", "NET 02", "{14941D71-CDEA-4DAA-8C11-27D48D295EA9}"
EndProject
Project("{9A19103F-16F7-4668-BE54-9A1E7A4F7556}") = "NET 02. Variables", "NET 02. Variables\NET 02. Variables.csproj", "{9129387A-16DF-4507-B68A-3DCB8523B0B7}"
EndProject
Project("{9A19103F-16F7-4668-BE54-9A1E7A4F7556}") = "NET 02. input output", "NET 02. input output\NET 02. input output.csproj", "{788D21F1-75FA-4EDA-9D63-5441AA29C5CB}"
EndProject
Project("{9A19103F-16F7-4668-BE54-9A1E7A4F7556}") = "NET 02. Typecasting", "NET 02. Typecasting\NET 02. Typecasting.csproj", "{B0A62425-3370-4F2B-ACA4-692C47223487}"
EndProject
Project("{9A19103F-16F7-4668-BE54-9A1E7A4F7556}") = "NET 02. Arrays", "NET 02. Arrays\NET 02. Arrays.csproj", "{40F5C6A6-04CE-4134-82D4-1636D7F3B087}"
EndProject
Project("{9A19103F-16F7-4668-BE54-9A1E7A4F7556}") = "NET 02.Arrays ranges, indecles", "NET 02.Arrays ranges, indecles\NET 02.Arrays ranges, indecles.csproj", "{AFF0C7F3-B3C2-4D99-9BC7-0FFE4668EB83}"
EndProject
Project("{9A19103F-16F7-4668-BE54-9A1E7A4F7556}") = "NET 02. Switch", "NET 02. Switch\NET 02. Switch.csproj", "{6962718D-CA96-42ED-A6A7-DA7B27857930}"
EndProject
Project("{2150E333-8FDC-42A3-9474-1A3956D46DE8}") = "NET 03", "NET 03", "{7111A67E-1FE3-4CD3-A5F5-F8316EAA92ED}"
EndProject
Project("{9A19103F-16F7-4668-BE54-9A1E7A4F7556}") = "NET 03. Structs", "NET 03. Structs\NET 03. Structs.csproj", "{374A8681-F27E-4D61-956D-6D53F0EB527A}"
EndProject
Project("{9A19103F-16F7-4668-BE54-9A1E7A4F7556}") = "NET 03. String", "NET 03. String\NET 03. String.csproj", "{B869C4EA-E651-46A2-ADC6-B7DDAF3D270F}"
EndProject
Project("{9A19103F-16F7-4668-BE54-9A1E7A4F7556}") = "NET 03. String Suppet", "NET 03. String Suppet\NET 03. String Suppet.csproj", "{815971D8-610A-44ED-B642-D426DAA0EB50}"
EndProject
Project("{9A19103F-16F7-4668-BE54-9A1E7A4F7556}") = "NET 03. ref, out, in", "NET 03. ref, out, in\NET 03. ref, out, in.csproj", "{84AAF64B-4AF9-4B60-B67A-A79209BC0DE2}"
EndProject
Project("{2150E333-8FDC-42A3-9474-1A3956D46DE8}") = "NET 04", "NET 04", "{602EA2DE-68AF-4A41-8C6A-CAB9F1F7A4C3}"
EndProject
Project("{9A19103F-16F7-4668-BE54-9A1E7A4F7556}") = "NET 04.  Params", "NET 04.  Params\NET 04.  Params.csproj", "{E3BA3A09-43FA-4E8C-942A-8B5BD8CBE10D}"
EndProject
Project("{9A19103F-16F7-4668-BE54-9A1E7A4F7556}") = "NET 04. class , this, access modifiers", "NET 04. class , this, access modifiers\NET 04. class , this, access modifiers.csproj", "{A7A9B508-2D01-444A-B683-7A8096555842}"
EndProject
Project("{2150E333-8FDC-42A3-9474-1A3956D46DE8}") = "NET 05", "NET 05", "{804E29FE-F45E-4BF2-9434-05F4861A887D}"
EndProject
Project("{9A19103F-16F7-4668-BE54-9A1E7A4F7556}") = "NET 05. Tuple, deconstruct", "NET 05. Tuple, deconstruct\NET 05. Tuple, deconstruct.csproj", "{61D8753B-899E-4F9D-B28F-F5B103613105}"
EndProject
Project("{9A19103F-16F7-4668-BE54-9A1E7A4F7556}") = "NET 05. Null conditional, Null coalescing, Nullable", "NET 05. Null conditional, Null coalescing, Nullable.csproj\NET 05. Null conditional, Null coalescing, Nullable.csproj", "{7ABAF562-8930-4F01-ABB6-DD2D2C2FA92A}"
EndProject
Project("{9A19103F-16F7-4668-BE54-9A1E7A4F7556}") = "NET 05. Operator overloading", "NET 05. Operator overloading\NET 05. Operator overloading.csproj", "{059C2BEE-E3E5-48D1-9458-75E969D09CE3}"
EndProject
Project("{2150E333-8FDC-42A3-9474-1A3956D46DE8}") = "NET 06", "NET 06", "{AC1A6915-7E85-4C2C-A6FC-90B5DB2D96C2}"
EndProject
Project("{9A19103F-16F7-4668-BE54-9A1E7A4F7556}") = "NET 06. Indexer", "NET 06. Indexer\NET 06. Indexer.csproj", "{CF3B64D2-2E02-4C82-8B91-91ACE4060ADD}"
EndProject
Project("{9A19103F-16F7-4668-BE54-9A1E7A4F7556}") = "NET 06. Inheritance", "NET 06. Inheritance\NET 06. Inheritance.csproj", "{3A51C75D-146B-43CD-9535-B57A38B42795}"
EndProject
Project("{2150E333-8FDC-42A3-9474-1A3956D46DE8}") = "NET 07", "NET 07", "{4E3254C5-D4FF-467E-83FE-86A17CBF1E02}"
EndProject
Project("{9A19103F-16F7-4668-BE54-9A1E7A4F7556}") = "NET 07 Polimorphism", "NET 07 Polimorphism\NET 07 Polimorphism.csproj", "{58041398-5187-4BF0-AD88-6E7B6743A0F3}"
EndProject
Project("{9A19103F-16F7-4668-BE54-9A1E7A4F7556}") = "NET 07.  Abstract class", "NET 07.  Abstract class\NET 07.  Abstract class.csproj", "{CD96A156-CF49-420A-A114-86F322445436}"
EndProject
Project("{9A19103F-16F7-4668-BE54-9A1E7A4F7556}") = "NET 07. Interface", "NET 07. Interface\NET 07. Interface.csproj", "{7AAEAA88-4FF2-4399-B63F-F4343E5DBBF6}"
EndProject
Project("{2150E333-8FDC-42A3-9474-1A3956D46DE8}") = "NET 08", "NET 08", "{1434DCD6-186B-4BCC-BE60-E54C9FDD8507}"
EndProject
Project("{9A19103F-16F7-4668-BE54-9A1E7A4F7556}") = "NET 08.  Standard Interface", "NET 08.  Standard Interface\NET 08.  Standard Interface.csproj", "{5CE7EDA8-E2A1-43F4-892F-5E42E67244F5}"
EndProject
Project("{2150E333-8FDC-42A3-9474-1A3956D46DE8}") = "NET 09", "NET 09", "{9A4ABEAC-F83A-47F3-8ED6-99160F48465C}"
EndProject
Project("{2150E333-8FDC-42A3-9474-1A3956D46DE8}") = "NET 10", "NET 10", "{54EC2050-7BF9-48FC-8489-3DD986118396}"
EndProject
Project("{9A19103F-16F7-4668-BE54-9A1E7A4F7556}") = "NET 10. Events", "NET 10. Events\NET 10. Events.csproj", "{C16EC6AF-0585-4217-93A9-51A2208CB2A1}"
EndProject
Project("{9A19103F-16F7-4668-BE54-9A1E7A4F7556}") = "NET 10. Events Add Remove", "NET 10. Events Add Remove\NET 10. Events Add Remove.csproj", "{3660EE5A-4E3E-4167-B84D-1DC47A6320DC}"
EndProject
Project("{9A19103F-16F7-4668-BE54-9A1E7A4F7556}") = "NET 10. Boxing unboxing", "NET 10. Boxing unboxing\NET 10. Boxing unboxing.csproj", "{B001D91B-2662-426B-9988-5620AE0DCB61}"
EndProject
Project("{9A19103F-16F7-4668-BE54-9A1E7A4F7556}") = "NET 10. Collection", "NET 10. Collection\NET 10. Collection.csproj", "{E2EAA7B1-73CE-46A3-B2A2-4AF02A1155FB}"
EndProject
Project("{2150E333-8FDC-42A3-9474-1A3956D46DE8}") = "NET 11", "NET 11", "{4EFDA0F1-EAF9-4335-A1E0-F1BB5E5F881A}"
EndProject
Project("{9A19103F-16F7-4668-BE54-9A1E7A4F7556}") = "NET 11.  Generic VS NonGeneric", "NET 11.  Generic VS NonGeneric\NET 11.  Generic VS NonGeneric.csproj", "{23C840D7-9D64-493D-B3CB-D2CC34C498AE}"
EndProject
Project("{9A19103F-16F7-4668-BE54-9A1E7A4F7556}") = "NET 11. LINQ", "NET 11. LINQ\NET 11. LINQ.csproj", "{6A901014-1B77-4B2C-BD2E-D4CF3E344607}"
EndProject
Project("{2150E333-8FDC-42A3-9474-1A3956D46DE8}") = "NET 12", "NET 12", "{2E040E80-73C2-44CA-9F5A-E5B6D84515E8}"
EndProject
Project("{9A19103F-16F7-4668-BE54-9A1E7A4F7556}") = "NET 12. Annonymous methods, Lambda expression", "NET 12. Annonymous methods, Lambda expression\NET 12. Annonymous methods, Lambda expression.csproj", "{F7525C67-77F4-4B33-B479-C40CAE8E4BEE}"
EndProject
Project("{9A19103F-16F7-4668-BE54-9A1E7A4F7556}") = "NET 09. Delegate", "NET 09. Delegate\NET 09. Delegate.csproj", "{0F9B3E3F-DDBE-4C00-ADFD-36352575EB73}"
EndProject
Project("{9A19103F-16F7-4668-BE54-9A1E7A4F7556}") = "NET 12. Extension methods", "NET 12. Extension methods\NET 12. Extension methods.csproj", "{3E57342A-6EEF-449C-B7DA-7F6CC36A2156}"
EndProject
Project("{9A19103F-16F7-4668-BE54-9A1E7A4F7556}") = "NET 12. LINQ methods", "NET 12. LINQ methods\NET 12. LINQ methods.csproj", "{8EE9832F-846F-4001-9A6F-954EA8DC3315}"
EndProject
Project("{2150E333-8FDC-42A3-9474-1A3956D46DE8}") = "NET 13", "NET 13", "{DE006297-53E8-40E2-BF1C-98B6880FACD3}"
EndProject
Project("{9A19103F-16F7-4668-BE54-9A1E7A4F7556}") = "NET 13. Garbage collector", "NET 13. Garbage collector\NET 13. Garbage collector.csproj", "{5B0013A7-9C3F-4BBB-9246-A3F3251C6E18}"
EndProject
Project("{9A19103F-16F7-4668-BE54-9A1E7A4F7556}") = "NET 13. Exceptions", "NET 13. Exceptions\NET 13. Exceptions.csproj", "{5D277916-E0E4-4878-8087-9D1053451870}"
EndProject
Project("{2150E333-8FDC-42A3-9474-1A3956D46DE8}") = "NET 14", "NET 14", "{D2A390CC-0C3E-4675-B867-ACF6E98EC675}"
EndProject
Project("{2150E333-8FDC-42A3-9474-1A3956D46DE8}") = "NET 15", "NET 15", "{F589EB6D-37DF-4D8A-A00F-8F8A15208F8B}"
EndProject
Project("{9A19103F-16F7-4668-BE54-9A1E7A4F7556}") = "NET 15. Serialization from AP1", "NET 15. Serialization from AP1\NET 15. Serialization from AP1.csproj", "{0BE8D6B4-609A-457C-8152-B6BB58D214EF}"
EndProject
Project("{9A19103F-16F7-4668-BE54-9A1E7A4F7556}") = "NET 15.  Regular expression", "NET 15.  Regular expression\NET 15.  Regular expression.csproj", "{BC4A6617-3740-40DC-90A8-358AE4B5AA57}"
EndProject
Project("{9A19103F-16F7-4668-BE54-9A1E7A4F7556}") = "NET 15. Yield", "NET 15. Yield\NET 15. Yield.csproj", "{4F0A6064-B08E-4327-BE64-4A3C554348EF}"
EndProject
Project("{9A19103F-16F7-4668-BE54-9A1E7A4F7556}") = "NET 15. Primary", "NET 15. Primary\NET 15. Primary.csproj", "{2BB2DE8F-5588-43D9-A6B3-042E4A4ED502}"
EndProject
Project("{2150E333-8FDC-42A3-9474-1A3956D46DE8}") = "NET 16", "NET 16", "{C26D8D07-C48E-4BD1-B99B-0BE668553EEC}"
EndProject
Project("{9A19103F-16F7-4668-BE54-9A1E7A4F7556}") = "NET 16. S.O.L.I.D.", "NET 16. S.O.L.I.D\NET 16. S.O.L.I.D..csproj", "{B4119A5E-EF48-4820-AA50-DEBA0CB3A101}"
EndProject
Project("{9A19103F-16F7-4668-BE54-9A1E7A4F7556}") = "NET 14. Serialization", "NET 14. Serialization\NET 14. Serialization.csproj", "{2B3A5905-0831-482C-90C6-BEB622E29EF6}"
EndProject
Project("{9A19103F-16F7-4668-BE54-9A1E7A4F7556}") = "NET 14. BinaryWriter, BinaryReader", "NET 14. BinaryWriter, BinaryReader\NET 14. BinaryWriter, BinaryReader.csproj", "{13FE7AF0-2C9C-477F-8284-BE495E95A208}"
EndProject
Project("{9A19103F-16F7-4668-BE54-9A1E7A4F7556}") = "NET 14. StreamWriter, StreamReader", "NET 14. StreamWriter, StreamReader\NET 14. StreamWriter, StreamReader.csproj", "{A574EE81-0231-49A9-872D-093D892B0355}"
EndProject
Project("{2150E333-8FDC-42A3-9474-1A3956D46DE8}") = "NET 17", "NET 17", "{E0A02F08-BF05-4091-8985-6E4B11A05E03}"
EndProject
Project("{FAE04EC0-301F-11D3-BF4B-00C04F79EFBC}") = "NET 17. SOLID 2. Open-Closed", "NET 17. SLID 2. Open-Closed\NET 17. SOLID 2. Open-Closed.csproj", "{D4055CAC-33A7-43E8-A588-F3A55F3FE653}"
EndProject
Project("{FAE04EC0-301F-11D3-BF4B-00C04F79EFBC}") = "NET 17. SOLID 3.  Liskov Substitutoin", "NET 17. SOLID 3.  Liskov Substitutoin\NET 17. SOLID 3.  Liskov Substitutoin.csproj", "{DA6C2EE1-D1C6-43CE-91B0-69F054259FAE}"
EndProject
Project("{FAE04EC0-301F-11D3-BF4B-00C04F79EFBC}") = "NET 17. SOLID 4.  Interface segregation", "NET 17. SOLID 4.  Interface segregation\NET 17. SOLID 4.  Interface segregation.csproj", "{70BD39FE-8D61-4656-8957-6E984AD2DC96}"
EndProject
Project("{FAE04EC0-301F-11D3-BF4B-00C04F79EFBC}") = "NET 17. SOLID Dependency inversion", "NET 17. SOLID Dependency inversion\NET 17. SOLID Dependency inversion.csproj", "{A65BABC4-B2C5-4176-8462-82710BF568E0}"
EndProject
Global
	GlobalSection(SolutionConfigurationPlatforms) = preSolution
		Debug|Any CPU = Debug|Any CPU
		Release|Any CPU = Release|Any CPU
	EndGlobalSection
	GlobalSection(ProjectConfigurationPlatforms) = postSolution
		{29C501FD-0D6F-457D-BA87-C90EAC656D16}.Debug|Any CPU.ActiveCfg = Debug|Any CPU
		{29C501FD-0D6F-457D-BA87-C90EAC656D16}.Debug|Any CPU.Build.0 = Debug|Any CPU
		{29C501FD-0D6F-457D-BA87-C90EAC656D16}.Release|Any CPU.ActiveCfg = Release|Any CPU
		{29C501FD-0D6F-457D-BA87-C90EAC656D16}.Release|Any CPU.Build.0 = Release|Any CPU
		{9129387A-16DF-4507-B68A-3DCB8523B0B7}.Debug|Any CPU.ActiveCfg = Debug|Any CPU
		{9129387A-16DF-4507-B68A-3DCB8523B0B7}.Debug|Any CPU.Build.0 = Debug|Any CPU
		{9129387A-16DF-4507-B68A-3DCB8523B0B7}.Release|Any CPU.ActiveCfg = Release|Any CPU
		{9129387A-16DF-4507-B68A-3DCB8523B0B7}.Release|Any CPU.Build.0 = Release|Any CPU
		{788D21F1-75FA-4EDA-9D63-5441AA29C5CB}.Debug|Any CPU.ActiveCfg = Debug|Any CPU
		{788D21F1-75FA-4EDA-9D63-5441AA29C5CB}.Debug|Any CPU.Build.0 = Debug|Any CPU
		{788D21F1-75FA-4EDA-9D63-5441AA29C5CB}.Release|Any CPU.ActiveCfg = Release|Any CPU
		{788D21F1-75FA-4EDA-9D63-5441AA29C5CB}.Release|Any CPU.Build.0 = Release|Any CPU
		{B0A62425-3370-4F2B-ACA4-692C47223487}.Debug|Any CPU.ActiveCfg = Debug|Any CPU
		{B0A62425-3370-4F2B-ACA4-692C47223487}.Debug|Any CPU.Build.0 = Debug|Any CPU
		{B0A62425-3370-4F2B-ACA4-692C47223487}.Release|Any CPU.ActiveCfg = Release|Any CPU
		{B0A62425-3370-4F2B-ACA4-692C47223487}.Release|Any CPU.Build.0 = Release|Any CPU
		{40F5C6A6-04CE-4134-82D4-1636D7F3B087}.Debug|Any CPU.ActiveCfg = Debug|Any CPU
		{40F5C6A6-04CE-4134-82D4-1636D7F3B087}.Debug|Any CPU.Build.0 = Debug|Any CPU
		{40F5C6A6-04CE-4134-82D4-1636D7F3B087}.Release|Any CPU.ActiveCfg = Release|Any CPU
		{40F5C6A6-04CE-4134-82D4-1636D7F3B087}.Release|Any CPU.Build.0 = Release|Any CPU
		{AFF0C7F3-B3C2-4D99-9BC7-0FFE4668EB83}.Debug|Any CPU.ActiveCfg = Debug|Any CPU
		{AFF0C7F3-B3C2-4D99-9BC7-0FFE4668EB83}.Debug|Any CPU.Build.0 = Debug|Any CPU
		{AFF0C7F3-B3C2-4D99-9BC7-0FFE4668EB83}.Release|Any CPU.ActiveCfg = Release|Any CPU
		{AFF0C7F3-B3C2-4D99-9BC7-0FFE4668EB83}.Release|Any CPU.Build.0 = Release|Any CPU
		{6962718D-CA96-42ED-A6A7-DA7B27857930}.Debug|Any CPU.ActiveCfg = Debug|Any CPU
		{6962718D-CA96-42ED-A6A7-DA7B27857930}.Debug|Any CPU.Build.0 = Debug|Any CPU
		{6962718D-CA96-42ED-A6A7-DA7B27857930}.Release|Any CPU.ActiveCfg = Release|Any CPU
		{6962718D-CA96-42ED-A6A7-DA7B27857930}.Release|Any CPU.Build.0 = Release|Any CPU
		{374A8681-F27E-4D61-956D-6D53F0EB527A}.Debug|Any CPU.ActiveCfg = Debug|Any CPU
		{374A8681-F27E-4D61-956D-6D53F0EB527A}.Debug|Any CPU.Build.0 = Debug|Any CPU
		{374A8681-F27E-4D61-956D-6D53F0EB527A}.Release|Any CPU.ActiveCfg = Release|Any CPU
		{374A8681-F27E-4D61-956D-6D53F0EB527A}.Release|Any CPU.Build.0 = Release|Any CPU
		{B869C4EA-E651-46A2-ADC6-B7DDAF3D270F}.Debug|Any CPU.ActiveCfg = Debug|Any CPU
		{B869C4EA-E651-46A2-ADC6-B7DDAF3D270F}.Debug|Any CPU.Build.0 = Debug|Any CPU
		{B869C4EA-E651-46A2-ADC6-B7DDAF3D270F}.Release|Any CPU.ActiveCfg = Release|Any CPU
		{B869C4EA-E651-46A2-ADC6-B7DDAF3D270F}.Release|Any CPU.Build.0 = Release|Any CPU
		{815971D8-610A-44ED-B642-D426DAA0EB50}.Debug|Any CPU.ActiveCfg = Debug|Any CPU
		{815971D8-610A-44ED-B642-D426DAA0EB50}.Debug|Any CPU.Build.0 = Debug|Any CPU
		{815971D8-610A-44ED-B642-D426DAA0EB50}.Release|Any CPU.ActiveCfg = Release|Any CPU
		{815971D8-610A-44ED-B642-D426DAA0EB50}.Release|Any CPU.Build.0 = Release|Any CPU
		{84AAF64B-4AF9-4B60-B67A-A79209BC0DE2}.Debug|Any CPU.ActiveCfg = Debug|Any CPU
		{84AAF64B-4AF9-4B60-B67A-A79209BC0DE2}.Debug|Any CPU.Build.0 = Debug|Any CPU
		{84AAF64B-4AF9-4B60-B67A-A79209BC0DE2}.Release|Any CPU.ActiveCfg = Release|Any CPU
		{84AAF64B-4AF9-4B60-B67A-A79209BC0DE2}.Release|Any CPU.Build.0 = Release|Any CPU
		{E3BA3A09-43FA-4E8C-942A-8B5BD8CBE10D}.Debug|Any CPU.ActiveCfg = Debug|Any CPU
		{E3BA3A09-43FA-4E8C-942A-8B5BD8CBE10D}.Debug|Any CPU.Build.0 = Debug|Any CPU
		{E3BA3A09-43FA-4E8C-942A-8B5BD8CBE10D}.Release|Any CPU.ActiveCfg = Release|Any CPU
		{E3BA3A09-43FA-4E8C-942A-8B5BD8CBE10D}.Release|Any CPU.Build.0 = Release|Any CPU
		{A7A9B508-2D01-444A-B683-7A8096555842}.Debug|Any CPU.ActiveCfg = Debug|Any CPU
		{A7A9B508-2D01-444A-B683-7A8096555842}.Debug|Any CPU.Build.0 = Debug|Any CPU
		{A7A9B508-2D01-444A-B683-7A8096555842}.Release|Any CPU.ActiveCfg = Release|Any CPU
		{A7A9B508-2D01-444A-B683-7A8096555842}.Release|Any CPU.Build.0 = Release|Any CPU
		{61D8753B-899E-4F9D-B28F-F5B103613105}.Debug|Any CPU.ActiveCfg = Debug|Any CPU
		{61D8753B-899E-4F9D-B28F-F5B103613105}.Debug|Any CPU.Build.0 = Debug|Any CPU
		{61D8753B-899E-4F9D-B28F-F5B103613105}.Release|Any CPU.ActiveCfg = Release|Any CPU
		{61D8753B-899E-4F9D-B28F-F5B103613105}.Release|Any CPU.Build.0 = Release|Any CPU
		{7ABAF562-8930-4F01-ABB6-DD2D2C2FA92A}.Debug|Any CPU.ActiveCfg = Debug|Any CPU
		{7ABAF562-8930-4F01-ABB6-DD2D2C2FA92A}.Debug|Any CPU.Build.0 = Debug|Any CPU
		{7ABAF562-8930-4F01-ABB6-DD2D2C2FA92A}.Release|Any CPU.ActiveCfg = Release|Any CPU
		{7ABAF562-8930-4F01-ABB6-DD2D2C2FA92A}.Release|Any CPU.Build.0 = Release|Any CPU
		{059C2BEE-E3E5-48D1-9458-75E969D09CE3}.Debug|Any CPU.ActiveCfg = Debug|Any CPU
		{059C2BEE-E3E5-48D1-9458-75E969D09CE3}.Debug|Any CPU.Build.0 = Debug|Any CPU
		{059C2BEE-E3E5-48D1-9458-75E969D09CE3}.Release|Any CPU.ActiveCfg = Release|Any CPU
		{059C2BEE-E3E5-48D1-9458-75E969D09CE3}.Release|Any CPU.Build.0 = Release|Any CPU
		{CF3B64D2-2E02-4C82-8B91-91ACE4060ADD}.Debug|Any CPU.ActiveCfg = Debug|Any CPU
		{CF3B64D2-2E02-4C82-8B91-91ACE4060ADD}.Debug|Any CPU.Build.0 = Debug|Any CPU
		{CF3B64D2-2E02-4C82-8B91-91ACE4060ADD}.Release|Any CPU.ActiveCfg = Release|Any CPU
		{CF3B64D2-2E02-4C82-8B91-91ACE4060ADD}.Release|Any CPU.Build.0 = Release|Any CPU
		{3A51C75D-146B-43CD-9535-B57A38B42795}.Debug|Any CPU.ActiveCfg = Debug|Any CPU
		{3A51C75D-146B-43CD-9535-B57A38B42795}.Debug|Any CPU.Build.0 = Debug|Any CPU
		{3A51C75D-146B-43CD-9535-B57A38B42795}.Release|Any CPU.ActiveCfg = Release|Any CPU
		{3A51C75D-146B-43CD-9535-B57A38B42795}.Release|Any CPU.Build.0 = Release|Any CPU
		{58041398-5187-4BF0-AD88-6E7B6743A0F3}.Debug|Any CPU.ActiveCfg = Debug|Any CPU
		{58041398-5187-4BF0-AD88-6E7B6743A0F3}.Debug|Any CPU.Build.0 = Debug|Any CPU
		{58041398-5187-4BF0-AD88-6E7B6743A0F3}.Release|Any CPU.ActiveCfg = Release|Any CPU
		{58041398-5187-4BF0-AD88-6E7B6743A0F3}.Release|Any CPU.Build.0 = Release|Any CPU
		{CD96A156-CF49-420A-A114-86F322445436}.Debug|Any CPU.ActiveCfg = Debug|Any CPU
		{CD96A156-CF49-420A-A114-86F322445436}.Debug|Any CPU.Build.0 = Debug|Any CPU
		{CD96A156-CF49-420A-A114-86F322445436}.Release|Any CPU.ActiveCfg = Release|Any CPU
		{CD96A156-CF49-420A-A114-86F322445436}.Release|Any CPU.Build.0 = Release|Any CPU
		{7AAEAA88-4FF2-4399-B63F-F4343E5DBBF6}.Debug|Any CPU.ActiveCfg = Debug|Any CPU
		{7AAEAA88-4FF2-4399-B63F-F4343E5DBBF6}.Debug|Any CPU.Build.0 = Debug|Any CPU
		{7AAEAA88-4FF2-4399-B63F-F4343E5DBBF6}.Release|Any CPU.ActiveCfg = Release|Any CPU
		{7AAEAA88-4FF2-4399-B63F-F4343E5DBBF6}.Release|Any CPU.Build.0 = Release|Any CPU
		{5CE7EDA8-E2A1-43F4-892F-5E42E67244F5}.Debug|Any CPU.ActiveCfg = Debug|Any CPU
		{5CE7EDA8-E2A1-43F4-892F-5E42E67244F5}.Debug|Any CPU.Build.0 = Debug|Any CPU
		{5CE7EDA8-E2A1-43F4-892F-5E42E67244F5}.Release|Any CPU.ActiveCfg = Release|Any CPU
		{5CE7EDA8-E2A1-43F4-892F-5E42E67244F5}.Release|Any CPU.Build.0 = Release|Any CPU
		{C16EC6AF-0585-4217-93A9-51A2208CB2A1}.Debug|Any CPU.ActiveCfg = Debug|Any CPU
		{C16EC6AF-0585-4217-93A9-51A2208CB2A1}.Debug|Any CPU.Build.0 = Debug|Any CPU
		{C16EC6AF-0585-4217-93A9-51A2208CB2A1}.Release|Any CPU.ActiveCfg = Release|Any CPU
		{C16EC6AF-0585-4217-93A9-51A2208CB2A1}.Release|Any CPU.Build.0 = Release|Any CPU
		{3660EE5A-4E3E-4167-B84D-1DC47A6320DC}.Debug|Any CPU.ActiveCfg = Debug|Any CPU
		{3660EE5A-4E3E-4167-B84D-1DC47A6320DC}.Debug|Any CPU.Build.0 = Debug|Any CPU
		{3660EE5A-4E3E-4167-B84D-1DC47A6320DC}.Release|Any CPU.ActiveCfg = Release|Any CPU
		{3660EE5A-4E3E-4167-B84D-1DC47A6320DC}.Release|Any CPU.Build.0 = Release|Any CPU
		{B001D91B-2662-426B-9988-5620AE0DCB61}.Debug|Any CPU.ActiveCfg = Debug|Any CPU
		{B001D91B-2662-426B-9988-5620AE0DCB61}.Debug|Any CPU.Build.0 = Debug|Any CPU
		{B001D91B-2662-426B-9988-5620AE0DCB61}.Release|Any CPU.ActiveCfg = Release|Any CPU
		{B001D91B-2662-426B-9988-5620AE0DCB61}.Release|Any CPU.Build.0 = Release|Any CPU
		{E2EAA7B1-73CE-46A3-B2A2-4AF02A1155FB}.Debug|Any CPU.ActiveCfg = Debug|Any CPU
		{E2EAA7B1-73CE-46A3-B2A2-4AF02A1155FB}.Debug|Any CPU.Build.0 = Debug|Any CPU
		{E2EAA7B1-73CE-46A3-B2A2-4AF02A1155FB}.Release|Any CPU.ActiveCfg = Release|Any CPU
		{E2EAA7B1-73CE-46A3-B2A2-4AF02A1155FB}.Release|Any CPU.Build.0 = Release|Any CPU
		{23C840D7-9D64-493D-B3CB-D2CC34C498AE}.Debug|Any CPU.ActiveCfg = Debug|Any CPU
		{23C840D7-9D64-493D-B3CB-D2CC34C498AE}.Debug|Any CPU.Build.0 = Debug|Any CPU
		{23C840D7-9D64-493D-B3CB-D2CC34C498AE}.Release|Any CPU.ActiveCfg = Release|Any CPU
		{23C840D7-9D64-493D-B3CB-D2CC34C498AE}.Release|Any CPU.Build.0 = Release|Any CPU
		{6A901014-1B77-4B2C-BD2E-D4CF3E344607}.Debug|Any CPU.ActiveCfg = Debug|Any CPU
		{6A901014-1B77-4B2C-BD2E-D4CF3E344607}.Debug|Any CPU.Build.0 = Debug|Any CPU
		{6A901014-1B77-4B2C-BD2E-D4CF3E344607}.Release|Any CPU.ActiveCfg = Release|Any CPU
		{6A901014-1B77-4B2C-BD2E-D4CF3E344607}.Release|Any CPU.Build.0 = Release|Any CPU
		{F7525C67-77F4-4B33-B479-C40CAE8E4BEE}.Debug|Any CPU.ActiveCfg = Debug|Any CPU
		{F7525C67-77F4-4B33-B479-C40CAE8E4BEE}.Debug|Any CPU.Build.0 = Debug|Any CPU
		{F7525C67-77F4-4B33-B479-C40CAE8E4BEE}.Release|Any CPU.ActiveCfg = Release|Any CPU
		{F7525C67-77F4-4B33-B479-C40CAE8E4BEE}.Release|Any CPU.Build.0 = Release|Any CPU
		{0F9B3E3F-DDBE-4C00-ADFD-36352575EB73}.Debug|Any CPU.ActiveCfg = Debug|Any CPU
		{0F9B3E3F-DDBE-4C00-ADFD-36352575EB73}.Debug|Any CPU.Build.0 = Debug|Any CPU
		{0F9B3E3F-DDBE-4C00-ADFD-36352575EB73}.Release|Any CPU.ActiveCfg = Release|Any CPU
		{0F9B3E3F-DDBE-4C00-ADFD-36352575EB73}.Release|Any CPU.Build.0 = Release|Any CPU
		{3E57342A-6EEF-449C-B7DA-7F6CC36A2156}.Debug|Any CPU.ActiveCfg = Debug|Any CPU
		{3E57342A-6EEF-449C-B7DA-7F6CC36A2156}.Debug|Any CPU.Build.0 = Debug|Any CPU
		{3E57342A-6EEF-449C-B7DA-7F6CC36A2156}.Release|Any CPU.ActiveCfg = Release|Any CPU
		{3E57342A-6EEF-449C-B7DA-7F6CC36A2156}.Release|Any CPU.Build.0 = Release|Any CPU
		{8EE9832F-846F-4001-9A6F-954EA8DC3315}.Debug|Any CPU.ActiveCfg = Debug|Any CPU
		{8EE9832F-846F-4001-9A6F-954EA8DC3315}.Debug|Any CPU.Build.0 = Debug|Any CPU
		{8EE9832F-846F-4001-9A6F-954EA8DC3315}.Release|Any CPU.ActiveCfg = Release|Any CPU
		{8EE9832F-846F-4001-9A6F-954EA8DC3315}.Release|Any CPU.Build.0 = Release|Any CPU
		{5B0013A7-9C3F-4BBB-9246-A3F3251C6E18}.Debug|Any CPU.ActiveCfg = Debug|Any CPU
		{5B0013A7-9C3F-4BBB-9246-A3F3251C6E18}.Debug|Any CPU.Build.0 = Debug|Any CPU
		{5B0013A7-9C3F-4BBB-9246-A3F3251C6E18}.Release|Any CPU.ActiveCfg = Release|Any CPU
		{5B0013A7-9C3F-4BBB-9246-A3F3251C6E18}.Release|Any CPU.Build.0 = Release|Any CPU
		{5D277916-E0E4-4878-8087-9D1053451870}.Debug|Any CPU.ActiveCfg = Debug|Any CPU
		{5D277916-E0E4-4878-8087-9D1053451870}.Debug|Any CPU.Build.0 = Debug|Any CPU
		{5D277916-E0E4-4878-8087-9D1053451870}.Release|Any CPU.ActiveCfg = Release|Any CPU
		{5D277916-E0E4-4878-8087-9D1053451870}.Release|Any CPU.Build.0 = Release|Any CPU
		{0BE8D6B4-609A-457C-8152-B6BB58D214EF}.Debug|Any CPU.ActiveCfg = Debug|Any CPU
		{0BE8D6B4-609A-457C-8152-B6BB58D214EF}.Debug|Any CPU.Build.0 = Debug|Any CPU
		{0BE8D6B4-609A-457C-8152-B6BB58D214EF}.Release|Any CPU.ActiveCfg = Release|Any CPU
		{0BE8D6B4-609A-457C-8152-B6BB58D214EF}.Release|Any CPU.Build.0 = Release|Any CPU
		{BC4A6617-3740-40DC-90A8-358AE4B5AA57}.Debug|Any CPU.ActiveCfg = Debug|Any CPU
		{BC4A6617-3740-40DC-90A8-358AE4B5AA57}.Debug|Any CPU.Build.0 = Debug|Any CPU
		{BC4A6617-3740-40DC-90A8-358AE4B5AA57}.Release|Any CPU.ActiveCfg = Release|Any CPU
		{BC4A6617-3740-40DC-90A8-358AE4B5AA57}.Release|Any CPU.Build.0 = Release|Any CPU
		{4F0A6064-B08E-4327-BE64-4A3C554348EF}.Debug|Any CPU.ActiveCfg = Debug|Any CPU
		{4F0A6064-B08E-4327-BE64-4A3C554348EF}.Debug|Any CPU.Build.0 = Debug|Any CPU
		{4F0A6064-B08E-4327-BE64-4A3C554348EF}.Release|Any CPU.ActiveCfg = Release|Any CPU
		{4F0A6064-B08E-4327-BE64-4A3C554348EF}.Release|Any CPU.Build.0 = Release|Any CPU
		{2BB2DE8F-5588-43D9-A6B3-042E4A4ED502}.Debug|Any CPU.ActiveCfg = Debug|Any CPU
		{2BB2DE8F-5588-43D9-A6B3-042E4A4ED502}.Debug|Any CPU.Build.0 = Debug|Any CPU
		{2BB2DE8F-5588-43D9-A6B3-042E4A4ED502}.Release|Any CPU.ActiveCfg = Release|Any CPU
		{2BB2DE8F-5588-43D9-A6B3-042E4A4ED502}.Release|Any CPU.Build.0 = Release|Any CPU
		{B4119A5E-EF48-4820-AA50-DEBA0CB3A101}.Debug|Any CPU.ActiveCfg = Debug|Any CPU
		{B4119A5E-EF48-4820-AA50-DEBA0CB3A101}.Debug|Any CPU.Build.0 = Debug|Any CPU
		{B4119A5E-EF48-4820-AA50-DEBA0CB3A101}.Release|Any CPU.ActiveCfg = Release|Any CPU
		{B4119A5E-EF48-4820-AA50-DEBA0CB3A101}.Release|Any CPU.Build.0 = Release|Any CPU
		{2B3A5905-0831-482C-90C6-BEB622E29EF6}.Debug|Any CPU.ActiveCfg = Debug|Any CPU
		{2B3A5905-0831-482C-90C6-BEB622E29EF6}.Debug|Any CPU.Build.0 = Debug|Any CPU
		{2B3A5905-0831-482C-90C6-BEB622E29EF6}.Release|Any CPU.ActiveCfg = Release|Any CPU
		{2B3A5905-0831-482C-90C6-BEB622E29EF6}.Release|Any CPU.Build.0 = Release|Any CPU
		{13FE7AF0-2C9C-477F-8284-BE495E95A208}.Debug|Any CPU.ActiveCfg = Debug|Any CPU
		{13FE7AF0-2C9C-477F-8284-BE495E95A208}.Debug|Any CPU.Build.0 = Debug|Any CPU
		{13FE7AF0-2C9C-477F-8284-BE495E95A208}.Release|Any CPU.ActiveCfg = Release|Any CPU
		{13FE7AF0-2C9C-477F-8284-BE495E95A208}.Release|Any CPU.Build.0 = Release|Any CPU
		{A574EE81-0231-49A9-872D-093D892B0355}.Debug|Any CPU.ActiveCfg = Debug|Any CPU
		{A574EE81-0231-49A9-872D-093D892B0355}.Debug|Any CPU.Build.0 = Debug|Any CPU
		{A574EE81-0231-49A9-872D-093D892B0355}.Release|Any CPU.ActiveCfg = Release|Any CPU
		{A574EE81-0231-49A9-872D-093D892B0355}.Release|Any CPU.Build.0 = Release|Any CPU
		{D4055CAC-33A7-43E8-A588-F3A55F3FE653}.Debug|Any CPU.ActiveCfg = Debug|Any CPU
		{D4055CAC-33A7-43E8-A588-F3A55F3FE653}.Debug|Any CPU.Build.0 = Debug|Any CPU
		{D4055CAC-33A7-43E8-A588-F3A55F3FE653}.Release|Any CPU.ActiveCfg = Release|Any CPU
		{D4055CAC-33A7-43E8-A588-F3A55F3FE653}.Release|Any CPU.Build.0 = Release|Any CPU
		{DA6C2EE1-D1C6-43CE-91B0-69F054259FAE}.Debug|Any CPU.ActiveCfg = Debug|Any CPU
		{DA6C2EE1-D1C6-43CE-91B0-69F054259FAE}.Debug|Any CPU.Build.0 = Debug|Any CPU
		{DA6C2EE1-D1C6-43CE-91B0-69F054259FAE}.Release|Any CPU.ActiveCfg = Release|Any CPU
		{DA6C2EE1-D1C6-43CE-91B0-69F054259FAE}.Release|Any CPU.Build.0 = Release|Any CPU
		{70BD39FE-8D61-4656-8957-6E984AD2DC96}.Debug|Any CPU.ActiveCfg = Debug|Any CPU
		{70BD39FE-8D61-4656-8957-6E984AD2DC96}.Debug|Any CPU.Build.0 = Debug|Any CPU
		{70BD39FE-8D61-4656-8957-6E984AD2DC96}.Release|Any CPU.ActiveCfg = Release|Any CPU
		{70BD39FE-8D61-4656-8957-6E984AD2DC96}.Release|Any CPU.Build.0 = Release|Any CPU
		{A65BABC4-B2C5-4176-8462-82710BF568E0}.Debug|Any CPU.ActiveCfg = Debug|Any CPU
		{A65BABC4-B2C5-4176-8462-82710BF568E0}.Debug|Any CPU.Build.0 = Debug|Any CPU
		{A65BABC4-B2C5-4176-8462-82710BF568E0}.Release|Any CPU.ActiveCfg = Release|Any CPU
		{A65BABC4-B2C5-4176-8462-82710BF568E0}.Release|Any CPU.Build.0 = Release|Any CPU
	EndGlobalSection
	GlobalSection(SolutionProperties) = preSolution
		HideSolutionNode = FALSE
	EndGlobalSection
	GlobalSection(NestedProjects) = preSolution
		{29C501FD-0D6F-457D-BA87-C90EAC656D16} = {02EA681E-C7D8-13C7-8484-4AC65E1B71E8}
		{9129387A-16DF-4507-B68A-3DCB8523B0B7} = {14941D71-CDEA-4DAA-8C11-27D48D295EA9}
		{788D21F1-75FA-4EDA-9D63-5441AA29C5CB} = {14941D71-CDEA-4DAA-8C11-27D48D295EA9}
		{B0A62425-3370-4F2B-ACA4-692C47223487} = {14941D71-CDEA-4DAA-8C11-27D48D295EA9}
		{40F5C6A6-04CE-4134-82D4-1636D7F3B087} = {14941D71-CDEA-4DAA-8C11-27D48D295EA9}
		{AFF0C7F3-B3C2-4D99-9BC7-0FFE4668EB83} = {14941D71-CDEA-4DAA-8C11-27D48D295EA9}
		{6962718D-CA96-42ED-A6A7-DA7B27857930} = {14941D71-CDEA-4DAA-8C11-27D48D295EA9}
		{374A8681-F27E-4D61-956D-6D53F0EB527A} = {7111A67E-1FE3-4CD3-A5F5-F8316EAA92ED}
		{B869C4EA-E651-46A2-ADC6-B7DDAF3D270F} = {7111A67E-1FE3-4CD3-A5F5-F8316EAA92ED}
		{815971D8-610A-44ED-B642-D426DAA0EB50} = {7111A67E-1FE3-4CD3-A5F5-F8316EAA92ED}
		{84AAF64B-4AF9-4B60-B67A-A79209BC0DE2} = {7111A67E-1FE3-4CD3-A5F5-F8316EAA92ED}
		{E3BA3A09-43FA-4E8C-942A-8B5BD8CBE10D} = {602EA2DE-68AF-4A41-8C6A-CAB9F1F7A4C3}
		{A7A9B508-2D01-444A-B683-7A8096555842} = {602EA2DE-68AF-4A41-8C6A-CAB9F1F7A4C3}
		{61D8753B-899E-4F9D-B28F-F5B103613105} = {804E29FE-F45E-4BF2-9434-05F4861A887D}
		{7ABAF562-8930-4F01-ABB6-DD2D2C2FA92A} = {804E29FE-F45E-4BF2-9434-05F4861A887D}
		{059C2BEE-E3E5-48D1-9458-75E969D09CE3} = {804E29FE-F45E-4BF2-9434-05F4861A887D}
		{CF3B64D2-2E02-4C82-8B91-91ACE4060ADD} = {AC1A6915-7E85-4C2C-A6FC-90B5DB2D96C2}
		{3A51C75D-146B-43CD-9535-B57A38B42795} = {AC1A6915-7E85-4C2C-A6FC-90B5DB2D96C2}
		{58041398-5187-4BF0-AD88-6E7B6743A0F3} = {4E3254C5-D4FF-467E-83FE-86A17CBF1E02}
		{CD96A156-CF49-420A-A114-86F322445436} = {4E3254C5-D4FF-467E-83FE-86A17CBF1E02}
		{7AAEAA88-4FF2-4399-B63F-F4343E5DBBF6} = {4E3254C5-D4FF-467E-83FE-86A17CBF1E02}
		{5CE7EDA8-E2A1-43F4-892F-5E42E67244F5} = {1434DCD6-186B-4BCC-BE60-E54C9FDD8507}
		{C16EC6AF-0585-4217-93A9-51A2208CB2A1} = {54EC2050-7BF9-48FC-8489-3DD986118396}
		{3660EE5A-4E3E-4167-B84D-1DC47A6320DC} = {54EC2050-7BF9-48FC-8489-3DD986118396}
		{B001D91B-2662-426B-9988-5620AE0DCB61} = {54EC2050-7BF9-48FC-8489-3DD986118396}
		{E2EAA7B1-73CE-46A3-B2A2-4AF02A1155FB} = {54EC2050-7BF9-48FC-8489-3DD986118396}
		{23C840D7-9D64-493D-B3CB-D2CC34C498AE} = {4EFDA0F1-EAF9-4335-A1E0-F1BB5E5F881A}
		{6A901014-1B77-4B2C-BD2E-D4CF3E344607} = {4EFDA0F1-EAF9-4335-A1E0-F1BB5E5F881A}
		{F7525C67-77F4-4B33-B479-C40CAE8E4BEE} = {2E040E80-73C2-44CA-9F5A-E5B6D84515E8}
		{0F9B3E3F-DDBE-4C00-ADFD-36352575EB73} = {9A4ABEAC-F83A-47F3-8ED6-99160F48465C}
		{3E57342A-6EEF-449C-B7DA-7F6CC36A2156} = {2E040E80-73C2-44CA-9F5A-E5B6D84515E8}
		{8EE9832F-846F-4001-9A6F-954EA8DC3315} = {2E040E80-73C2-44CA-9F5A-E5B6D84515E8}
		{5B0013A7-9C3F-4BBB-9246-A3F3251C6E18} = {DE006297-53E8-40E2-BF1C-98B6880FACD3}
		{5D277916-E0E4-4878-8087-9D1053451870} = {DE006297-53E8-40E2-BF1C-98B6880FACD3}
		{0BE8D6B4-609A-457C-8152-B6BB58D214EF} = {F589EB6D-37DF-4D8A-A00F-8F8A15208F8B}
		{BC4A6617-3740-40DC-90A8-358AE4B5AA57} = {F589EB6D-37DF-4D8A-A00F-8F8A15208F8B}
		{4F0A6064-B08E-4327-BE64-4A3C554348EF} = {F589EB6D-37DF-4D8A-A00F-8F8A15208F8B}
		{2BB2DE8F-5588-43D9-A6B3-042E4A4ED502} = {F589EB6D-37DF-4D8A-A00F-8F8A15208F8B}
		{B4119A5E-EF48-4820-AA50-DEBA0CB3A101} = {C26D8D07-C48E-4BD1-B99B-0BE668553EEC}
		{2B3A5905-0831-482C-90C6-BEB622E29EF6} = {D2A390CC-0C3E-4675-B867-ACF6E98EC675}
		{13FE7AF0-2C9C-477F-8284-BE495E95A208} = {D2A390CC-0C3E-4675-B867-ACF6E98EC675}
		{A574EE81-0231-49A9-872D-093D892B0355} = {D2A390CC-0C3E-4675-B867-ACF6E98EC675}
		{D4055CAC-33A7-43E8-A588-F3A55F3FE653} = {E0A02F08-BF05-4091-8985-6E4B11A05E03}
		{DA6C2EE1-D1C6-43CE-91B0-69F054259FAE} = {E0A02F08-BF05-4091-8985-6E4B11A05E03}
		{70BD39FE-8D61-4656-8957-6E984AD2DC96} = {E0A02F08-BF05-4091-8985-6E4B11A05E03}
		{A65BABC4-B2C5-4176-8462-82710BF568E0} = {E0A02F08-BF05-4091-8985-6E4B11A05E03}
	EndGlobalSection
	GlobalSection(ExtensibilityGlobals) = postSolution
		SolutionGuid = {984A0467-54D1-48D3-890C-C809A8B2BB4E}
	EndGlobalSection
EndGlobal
